
Microsoft Visual Studio Solution File, Format Version 12.00
# Visual Studio 2013
VisualStudioVersion = 12.0.30501.0
MinimumVisualStudioVersion = 10.0.40219.1
Project("{2150E333-8FDC-42A3-9474-1A3956D46DE8}") = "01 Summarization", "01 Summarization", "{5E3D955C-202D-4820-85C9-93F25AF8424B}"
EndProject
Project("{2150E333-8FDC-42A3-9474-1A3956D46DE8}") = "02 Filtering", "02 Filtering", "{F97287C9-BC8E-4EB0-8503-994B708E373B}"
EndProject
Project("{2150E333-8FDC-42A3-9474-1A3956D46DE8}") = "03 Data Organization", "03 Data Organization", "{97EC2B36-895F-4CA6-9436-96489288B049}"
EndProject
Project("{2150E333-8FDC-42A3-9474-1A3956D46DE8}") = "04 Joining", "04 Joining", "{8B62CCB2-C7C1-43E6-AEB9-6A5C357694E0}"
EndProject
Project("{FAE04EC0-301F-11D3-BF4B-00C04F79EFBC}") = "MinMaxCount", "MinMaxCount\MinMaxCount.csproj", "{BD6802AB-CC59-4EB6-A944-1FA48B0EAB60}"
EndProject
Project("{FAE04EC0-301F-11D3-BF4B-00C04F79EFBC}") = "MapReduceSamples.Utils", "MapReduceSamples.Utils\MapReduceSamples.Utils.csproj", "{952E731F-EE7D-420A-91FD-6EB5422B7229}"
EndProject
Project("{2150E333-8FDC-42A3-9474-1A3956D46DE8}") = ".nuget", ".nuget", "{61A7B81F-53C2-41A2-B66D-CA27C5F5E1CD}"
	ProjectSection(SolutionItems) = preProject
		.nuget\NuGet.Config = .nuget\NuGet.Config
		.nuget\NuGet.exe = .nuget\NuGet.exe
		.nuget\NuGet.targets = .nuget\NuGet.targets
	EndProjectSection
EndProject
Project("{FAE04EC0-301F-11D3-BF4B-00C04F79EFBC}") = "Average", "Average\Average.csproj", "{5A06F307-F2A5-48A7-83AB-98D4C8A03255}"
EndProject
Project("{FAE04EC0-301F-11D3-BF4B-00C04F79EFBC}") = "MedianStdDev", "MedianStdDev\MedianStdDev.csproj", "{F0CC1158-E689-475D-A991-89475ABC4735}"
EndProject
Project("{FAE04EC0-301F-11D3-BF4B-00C04F79EFBC}") = "MedianStdDevWithCombiner", "MedianStdDevWithCombiner\MedianStdDevWithCombiner.csproj", "{68653E22-CFF9-4B0C-ADC0-4F6571749BAF}"
EndProject
Project("{FAE04EC0-301F-11D3-BF4B-00C04F79EFBC}") = "InvertedIndex", "InvertedIndex\InvertedIndex.csproj", "{C400DC16-A757-4A22-B2CC-B402CBA04734}"
EndProject
Project("{FAE04EC0-301F-11D3-BF4B-00C04F79EFBC}") = "CountingWithCounters", "CountingWithCounters\CountingWithCounters.csproj", "{75BDC483-370D-47B3-B4EC-73954F4D14DA}"
EndProject
Project("{FAE04EC0-301F-11D3-BF4B-00C04F79EFBC}") = "SimpleRegexFilter", "SimpleRegexFilter\SimpleRegexFilter.csproj", "{3BA71D94-57F3-4E87-A3E6-BEBA1F25482F}"
EndProject
Project("{FAE04EC0-301F-11D3-BF4B-00C04F79EFBC}") = "SimpleRandomSampling", "SimpleRandomSampling\SimpleRandomSampling.csproj", "{C1646C5D-9341-4C42-A708-21FB59553804}"
EndProject
Project("{FAE04EC0-301F-11D3-BF4B-00C04F79EFBC}") = "BloomFilterDriver", "BloomFilterDriver\BloomFilterDriver.csproj", "{A10086C9-AADB-4B24-B78B-9DBF401ECD03}"
EndProject
Project("{FAE04EC0-301F-11D3-BF4B-00C04F79EFBC}") = "BloomFiltering", "BloomFiltering\BloomFiltering.csproj", "{E033D545-5014-4FA7-AC86-B1B407B84B2B}"
EndProject
Project("{FAE04EC0-301F-11D3-BF4B-00C04F79EFBC}") = "TopTen", "TopTen\TopTen.csproj", "{72E7D9CB-237D-4065-BE1E-ED4E1508C91D}"
EndProject
Project("{FAE04EC0-301F-11D3-BF4B-00C04F79EFBC}") = "Distinct", "Distinct\Distinct.csproj", "{5D9D8070-7246-4AD0-B3BD-6C0AE4E4B480}"
EndProject
Project("{FAE04EC0-301F-11D3-BF4B-00C04F79EFBC}") = "StructuredToHierarchical", "StructuredToHierarchical\StructuredToHierarchical.csproj", "{A78D62CC-B792-4941-904D-DEEF4D4ABB62}"
EndProject
Project("{FAE04EC0-301F-11D3-BF4B-00C04F79EFBC}") = "WordCount", "WordCount\WordCount.csproj", "{F51A2927-1106-4756-B835-CF1F2680F4D4}"
EndProject
Project("{FAE04EC0-301F-11D3-BF4B-00C04F79EFBC}") = "ReduceSideJoin", "ReduceSideJoin\ReduceSideJoin.csproj", "{E46AD812-72C5-4268-B55C-37C95AF392E3}"
EndProject
Global
	GlobalSection(SolutionConfigurationPlatforms) = preSolution
		Debug|Any CPU = Debug|Any CPU
		Release|Any CPU = Release|Any CPU
	EndGlobalSection
	GlobalSection(ProjectConfigurationPlatforms) = postSolution
		{BD6802AB-CC59-4EB6-A944-1FA48B0EAB60}.Debug|Any CPU.ActiveCfg = Debug|Any CPU
		{BD6802AB-CC59-4EB6-A944-1FA48B0EAB60}.Debug|Any CPU.Build.0 = Debug|Any CPU
		{BD6802AB-CC59-4EB6-A944-1FA48B0EAB60}.Release|Any CPU.ActiveCfg = Release|Any CPU
		{BD6802AB-CC59-4EB6-A944-1FA48B0EAB60}.Release|Any CPU.Build.0 = Release|Any CPU
		{952E731F-EE7D-420A-91FD-6EB5422B7229}.Debug|Any CPU.ActiveCfg = Debug|Any CPU
		{952E731F-EE7D-420A-91FD-6EB5422B7229}.Debug|Any CPU.Build.0 = Debug|Any CPU
		{952E731F-EE7D-420A-91FD-6EB5422B7229}.Release|Any CPU.ActiveCfg = Release|Any CPU
		{952E731F-EE7D-420A-91FD-6EB5422B7229}.Release|Any CPU.Build.0 = Release|Any CPU
		{5A06F307-F2A5-48A7-83AB-98D4C8A03255}.Debug|Any CPU.ActiveCfg = Debug|Any CPU
		{5A06F307-F2A5-48A7-83AB-98D4C8A03255}.Debug|Any CPU.Build.0 = Debug|Any CPU
		{5A06F307-F2A5-48A7-83AB-98D4C8A03255}.Release|Any CPU.ActiveCfg = Release|Any CPU
		{5A06F307-F2A5-48A7-83AB-98D4C8A03255}.Release|Any CPU.Build.0 = Release|Any CPU
		{F0CC1158-E689-475D-A991-89475ABC4735}.Debug|Any CPU.ActiveCfg = Debug|Any CPU
		{F0CC1158-E689-475D-A991-89475ABC4735}.Debug|Any CPU.Build.0 = Debug|Any CPU
		{F0CC1158-E689-475D-A991-89475ABC4735}.Release|Any CPU.ActiveCfg = Release|Any CPU
		{F0CC1158-E689-475D-A991-89475ABC4735}.Release|Any CPU.Build.0 = Release|Any CPU
		{68653E22-CFF9-4B0C-ADC0-4F6571749BAF}.Debug|Any CPU.ActiveCfg = Debug|Any CPU
		{68653E22-CFF9-4B0C-ADC0-4F6571749BAF}.Debug|Any CPU.Build.0 = Debug|Any CPU
		{68653E22-CFF9-4B0C-ADC0-4F6571749BAF}.Release|Any CPU.ActiveCfg = Release|Any CPU
		{68653E22-CFF9-4B0C-ADC0-4F6571749BAF}.Release|Any CPU.Build.0 = Release|Any CPU
		{C400DC16-A757-4A22-B2CC-B402CBA04734}.Debug|Any CPU.ActiveCfg = Debug|Any CPU
		{C400DC16-A757-4A22-B2CC-B402CBA04734}.Debug|Any CPU.Build.0 = Debug|Any CPU
		{C400DC16-A757-4A22-B2CC-B402CBA04734}.Release|Any CPU.ActiveCfg = Release|Any CPU
		{C400DC16-A757-4A22-B2CC-B402CBA04734}.Release|Any CPU.Build.0 = Release|Any CPU
		{75BDC483-370D-47B3-B4EC-73954F4D14DA}.Debug|Any CPU.ActiveCfg = Debug|Any CPU
		{75BDC483-370D-47B3-B4EC-73954F4D14DA}.Debug|Any CPU.Build.0 = Debug|Any CPU
		{75BDC483-370D-47B3-B4EC-73954F4D14DA}.Release|Any CPU.ActiveCfg = Release|Any CPU
		{75BDC483-370D-47B3-B4EC-73954F4D14DA}.Release|Any CPU.Build.0 = Release|Any CPU
		{3BA71D94-57F3-4E87-A3E6-BEBA1F25482F}.Debug|Any CPU.ActiveCfg = Debug|Any CPU
		{3BA71D94-57F3-4E87-A3E6-BEBA1F25482F}.Debug|Any CPU.Build.0 = Debug|Any CPU
		{3BA71D94-57F3-4E87-A3E6-BEBA1F25482F}.Release|Any CPU.ActiveCfg = Release|Any CPU
		{3BA71D94-57F3-4E87-A3E6-BEBA1F25482F}.Release|Any CPU.Build.0 = Release|Any CPU
		{C1646C5D-9341-4C42-A708-21FB59553804}.Debug|Any CPU.ActiveCfg = Debug|Any CPU
		{C1646C5D-9341-4C42-A708-21FB59553804}.Debug|Any CPU.Build.0 = Debug|Any CPU
		{C1646C5D-9341-4C42-A708-21FB59553804}.Release|Any CPU.ActiveCfg = Release|Any CPU
		{C1646C5D-9341-4C42-A708-21FB59553804}.Release|Any CPU.Build.0 = Release|Any CPU
		{A10086C9-AADB-4B24-B78B-9DBF401ECD03}.Debug|Any CPU.ActiveCfg = Debug|Any CPU
		{A10086C9-AADB-4B24-B78B-9DBF401ECD03}.Debug|Any CPU.Build.0 = Debug|Any CPU
		{A10086C9-AADB-4B24-B78B-9DBF401ECD03}.Release|Any CPU.ActiveCfg = Release|Any CPU
		{A10086C9-AADB-4B24-B78B-9DBF401ECD03}.Release|Any CPU.Build.0 = Release|Any CPU
		{E033D545-5014-4FA7-AC86-B1B407B84B2B}.Debug|Any CPU.ActiveCfg = Debug|Any CPU
		{E033D545-5014-4FA7-AC86-B1B407B84B2B}.Debug|Any CPU.Build.0 = Debug|Any CPU
		{E033D545-5014-4FA7-AC86-B1B407B84B2B}.Release|Any CPU.ActiveCfg = Release|Any CPU
		{E033D545-5014-4FA7-AC86-B1B407B84B2B}.Release|Any CPU.Build.0 = Release|Any CPU
		{72E7D9CB-237D-4065-BE1E-ED4E1508C91D}.Debug|Any CPU.ActiveCfg = Debug|Any CPU
		{72E7D9CB-237D-4065-BE1E-ED4E1508C91D}.Debug|Any CPU.Build.0 = Debug|Any CPU
		{72E7D9CB-237D-4065-BE1E-ED4E1508C91D}.Release|Any CPU.ActiveCfg = Release|Any CPU
		{72E7D9CB-237D-4065-BE1E-ED4E1508C91D}.Release|Any CPU.Build.0 = Release|Any CPU
		{5D9D8070-7246-4AD0-B3BD-6C0AE4E4B480}.Debug|Any CPU.ActiveCfg = Debug|Any CPU
		{5D9D8070-7246-4AD0-B3BD-6C0AE4E4B480}.Debug|Any CPU.Build.0 = Debug|Any CPU
		{5D9D8070-7246-4AD0-B3BD-6C0AE4E4B480}.Release|Any CPU.ActiveCfg = Release|Any CPU
		{5D9D8070-7246-4AD0-B3BD-6C0AE4E4B480}.Release|Any CPU.Build.0 = Release|Any CPU
		{A78D62CC-B792-4941-904D-DEEF4D4ABB62}.Debug|Any CPU.ActiveCfg = Debug|Any CPU
		{A78D62CC-B792-4941-904D-DEEF4D4ABB62}.Debug|Any CPU.Build.0 = Debug|Any CPU
		{A78D62CC-B792-4941-904D-DEEF4D4ABB62}.Release|Any CPU.ActiveCfg = Release|Any CPU
		{A78D62CC-B792-4941-904D-DEEF4D4ABB62}.Release|Any CPU.Build.0 = Release|Any CPU
		{F51A2927-1106-4756-B835-CF1F2680F4D4}.Debug|Any CPU.ActiveCfg = Debug|Any CPU
		{F51A2927-1106-4756-B835-CF1F2680F4D4}.Debug|Any CPU.Build.0 = Debug|Any CPU
		{F51A2927-1106-4756-B835-CF1F2680F4D4}.Release|Any CPU.ActiveCfg = Release|Any CPU
		{F51A2927-1106-4756-B835-CF1F2680F4D4}.Release|Any CPU.Build.0 = Release|Any CPU
		{E46AD812-72C5-4268-B55C-37C95AF392E3}.Debug|Any CPU.ActiveCfg = Debug|Any CPU
		{E46AD812-72C5-4268-B55C-37C95AF392E3}.Debug|Any CPU.Build.0 = Debug|Any CPU
		{E46AD812-72C5-4268-B55C-37C95AF392E3}.Release|Any CPU.ActiveCfg = Release|Any CPU
		{E46AD812-72C5-4268-B55C-37C95AF392E3}.Release|Any CPU.Build.0 = Release|Any CPU
	EndGlobalSection
	GlobalSection(SolutionProperties) = preSolution
		HideSolutionNode = FALSE
	EndGlobalSection
	GlobalSection(NestedProjects) = preSolution
		{BD6802AB-CC59-4EB6-A944-1FA48B0EAB60} = {5E3D955C-202D-4820-85C9-93F25AF8424B}
		{5A06F307-F2A5-48A7-83AB-98D4C8A03255} = {5E3D955C-202D-4820-85C9-93F25AF8424B}
		{F0CC1158-E689-475D-A991-89475ABC4735} = {5E3D955C-202D-4820-85C9-93F25AF8424B}
		{68653E22-CFF9-4B0C-ADC0-4F6571749BAF} = {5E3D955C-202D-4820-85C9-93F25AF8424B}
		{C400DC16-A757-4A22-B2CC-B402CBA04734} = {5E3D955C-202D-4820-85C9-93F25AF8424B}
		{75BDC483-370D-47B3-B4EC-73954F4D14DA} = {5E3D955C-202D-4820-85C9-93F25AF8424B}
		{3BA71D94-57F3-4E87-A3E6-BEBA1F25482F} = {F97287C9-BC8E-4EB0-8503-994B708E373B}
		{C1646C5D-9341-4C42-A708-21FB59553804} = {F97287C9-BC8E-4EB0-8503-994B708E373B}
		{A10086C9-AADB-4B24-B78B-9DBF401ECD03} = {F97287C9-BC8E-4EB0-8503-994B708E373B}
		{E033D545-5014-4FA7-AC86-B1B407B84B2B} = {F97287C9-BC8E-4EB0-8503-994B708E373B}
		{72E7D9CB-237D-4065-BE1E-ED4E1508C91D} = {F97287C9-BC8E-4EB0-8503-994B708E373B}
		{5D9D8070-7246-4AD0-B3BD-6C0AE4E4B480} = {F97287C9-BC8E-4EB0-8503-994B708E373B}
		{A78D62CC-B792-4941-904D-DEEF4D4ABB62} = {97EC2B36-895F-4CA6-9436-96489288B049}
		{F51A2927-1106-4756-B835-CF1F2680F4D4} = {5E3D955C-202D-4820-85C9-93F25AF8424B}
		{E46AD812-72C5-4268-B55C-37C95AF392E3} = {8B62CCB2-C7C1-43E6-AEB9-6A5C357694E0}
	EndGlobalSection
EndGlobal
